Microsoft Visual Studio Solution File, Format Version 12.00
# Visual Studio Version 17
VisualStudioVersion = 17.13.35617.110
MinimumVisualStudioVersion = 10.0.40219.1
Project("{2150E333-8FDC-42A3-9474-1A3956D46DE8}") = "src", "src", "{02EA681E-C7D8-13C7-8484-4AC65E1B71E8}"
EndProject
Project("{FAE04EC0-301F-11D3-BF4B-00C04F79EFBC}") = "DigitalRightsManagement.Domain", "src\DigitalRightsManagement.Domain\DigitalRightsManagement.Domain.csproj", "{72143F75-9C73-3ED0-EB97-329DB2020022}"
EndProject
Project("{FAE04EC0-301F-11D3-BF4B-00C04F79EFBC}") = "DigitalRightsManagement.Common", "src\DigitalRightsManagement.Common\DigitalRightsManagement.Common.csproj", "{6F41BC78-F694-4842-990D-3DD21A480FDC}"
EndProject
Project("{2150E333-8FDC-42A3-9474-1A3956D46DE8}") = "tests", "tests", "{D2CB2BF5-7814-481F-8C9A-657177C9D1DD}"
EndProject
Project("{FAE04EC0-301F-11D3-BF4B-00C04F79EFBC}") = "DigitalRightsManagement.UnitTests", "tests\DigitalRightsManagement.UnitTests\DigitalRightsManagement.UnitTests.csproj", "{089D53D1-3547-A2A7-8D15-4D0CA9ACACAF}"
EndProject
Project("{2150E333-8FDC-42A3-9474-1A3956D46DE8}") = "Solution Items", "Solution Items", "{8EC462FD-D22E-90A8-E5CE-7E832BA40C5D}"
	ProjectSection(SolutionItems) = preProject
		.editorconfig = .editorconfig
		Directory.Build.props = Directory.Build.props
		Directory.Packages.props = Directory.Packages.props
	EndProjectSection
EndProject
Project("{FAE04EC0-301F-11D3-BF4B-00C04F79EFBC}") = "DigitalRightsManagement.Application", "src\DigitalRightsManagement.Application\DigitalRightsManagement.Application.csproj", "{50D51072-6B6F-490C-8254-79167EFA7CC1}"
EndProject
Global
	GlobalSection(SolutionConfigurationPlatforms) = preSolution
		Debug|Any CPU = Debug|Any CPU
		Release|Any CPU = Release|Any CPU
	EndGlobalSection
	GlobalSection(ProjectConfigurationPlatforms) = postSolution
		{72143F75-9C73-3ED0-EB97-329DB2020022}.Debug|Any CPU.ActiveCfg = Debug|Any CPU
		{72143F75-9C73-3ED0-EB97-329DB2020022}.Debug|Any CPU.Build.0 = Debug|Any CPU
		{72143F75-9C73-3ED0-EB97-329DB2020022}.Release|Any CPU.ActiveCfg = Release|Any CPU
		{72143F75-9C73-3ED0-EB97-329DB2020022}.Release|Any CPU.Build.0 = Release|Any CPU
		{6F41BC78-F694-4842-990D-3DD21A480FDC}.Debug|Any CPU.ActiveCfg = Debug|Any CPU
		{6F41BC78-F694-4842-990D-3DD21A480FDC}.Debug|Any CPU.Build.0 = Debug|Any CPU
		{6F41BC78-F694-4842-990D-3DD21A480FDC}.Release|Any CPU.ActiveCfg = Release|Any CPU
		{6F41BC78-F694-4842-990D-3DD21A480FDC}.Release|Any CPU.Build.0 = Release|Any CPU
		{089D53D1-3547-A2A7-8D15-4D0CA9ACACAF}.Debug|Any CPU.ActiveCfg = Debug|Any CPU
		{089D53D1-3547-A2A7-8D15-4D0CA9ACACAF}.Debug|Any CPU.Build.0 = Debug|Any CPU
		{089D53D1-3547-A2A7-8D15-4D0CA9ACACAF}.Release|Any CPU.ActiveCfg = Release|Any CPU
		{089D53D1-3547-A2A7-8D15-4D0CA9ACACAF}.Release|Any CPU.Build.0 = Release|Any CPU
		{50D51072-6B6F-490C-8254-79167EFA7CC1}.Debug|Any CPU.ActiveCfg = Debug|Any CPU
		{50D51072-6B6F-490C-8254-79167EFA7CC1}.Debug|Any CPU.Build.0 = Debug|Any CPU
		{50D51072-6B6F-490C-8254-79167EFA7CC1}.Release|Any CPU.ActiveCfg = Release|Any CPU
		{50D51072-6B6F-490C-8254-79167EFA7CC1}.Release|Any CPU.Build.0 = Release|Any CPU
	EndGlobalSection
	GlobalSection(SolutionProperties) = preSolution
		HideSolutionNode = FALSE
	EndGlobalSection
	GlobalSection(NestedProjects) = preSolution
		{72143F75-9C73-3ED0-EB97-329DB2020022} = {02EA681E-C7D8-13C7-8484-4AC65E1B71E8}
		{6F41BC78-F694-4842-990D-3DD21A480FDC} = {02EA681E-C7D8-13C7-8484-4AC65E1B71E8}
		{089D53D1-3547-A2A7-8D15-4D0CA9ACACAF} = {D2CB2BF5-7814-481F-8C9A-657177C9D1DD}
		{50D51072-6B6F-490C-8254-79167EFA7CC1} = {02EA681E-C7D8-13C7-8484-4AC65E1B71E8}
	EndGlobalSection
	GlobalSection(ExtensibilityGlobals) = postSolution
		SolutionGuid = {D30165F9-58BA-444B-87C4-D4010A4653B5}
	EndGlobalSection
EndGlobal
